
Microsoft Visual Studio Solution File, Format Version 12.00
# Visual Studio Version 16
VisualStudioVersion = 16.0.810.25
MinimumVisualStudioVersion = 10.0.40219.1
Project("{FAE04EC0-301F-11D3-BF4B-00C04F79EFBC}") = "02.02", "02.02\02.02.csproj", "{27059A7A-850D-4676-AE98-028C0F0569FF}"
EndProject
Global
	GlobalSection(SolutionConfigurationPlatforms) = preSolution
		Debug|Any CPU = Debug|Any CPU
		Release|Any CPU = Release|Any CPU
	EndGlobalSection
	GlobalSection(ProjectConfigurationPlatforms) = postSolution
		{27059A7A-850D-4676-AE98-028C0F0569FF}.Debug|Any CPU.ActiveCfg = Debug|Any CPU
		{27059A7A-850D-4676-AE98-028C0F0569FF}.Debug|Any CPU.Build.0 = Debug|Any CPU
		{27059A7A-850D-4676-AE98-028C0F0569FF}.Release|Any CPU.ActiveCfg = Release|Any CPU
		{27059A7A-850D-4676-AE98-028C0F0569FF}.Release|Any CPU.Build.0 = Release|Any CPU
	EndGlobalSection
	GlobalSection(SolutionProperties) = preSolution
		HideSolutionNode = FALSE
	EndGlobalSection
	GlobalSection(ExtensibilityGlobals) = postSolution
		SolutionGuid = {82ECB720-76FA-4BD6-B061-F710EB3C718A}
	EndGlobalSection
EndGlobal
