
Microsoft Visual Studio Solution File, Format Version 12.00
# Visual Studio Version 16
VisualStudioVersion = 16.0.810.25
MinimumVisualStudioVersion = 10.0.40219.1
Project("{FAE04EC0-301F-11D3-BF4B-00C04F79EFBC}") = "02.05", "02.05\02.05.csproj", "{BE6C66F4-A07E-4F24-A1FD-5EBD16164665}"
EndProject
Global
	GlobalSection(SolutionConfigurationPlatforms) = preSolution
		Debug|Any CPU = Debug|Any CPU
		Release|Any CPU = Release|Any CPU
	EndGlobalSection
	GlobalSection(ProjectConfigurationPlatforms) = postSolution
		{BE6C66F4-A07E-4F24-A1FD-5EBD16164665}.Debug|Any CPU.ActiveCfg = Debug|Any CPU
		{BE6C66F4-A07E-4F24-A1FD-5EBD16164665}.Debug|Any CPU.Build.0 = Debug|Any CPU
		{BE6C66F4-A07E-4F24-A1FD-5EBD16164665}.Release|Any CPU.ActiveCfg = Release|Any CPU
		{BE6C66F4-A07E-4F24-A1FD-5EBD16164665}.Release|Any CPU.Build.0 = Release|Any CPU
	EndGlobalSection
	GlobalSection(SolutionProperties) = preSolution
		HideSolutionNode = FALSE
	EndGlobalSection
	GlobalSection(ExtensibilityGlobals) = postSolution
		SolutionGuid = {03B35607-12D9-47E4-98C8-4D70005246DD}
	EndGlobalSection
EndGlobal
