
Microsoft Visual Studio Solution File, Format Version 12.00
# Visual Studio Version 16
VisualStudioVersion = 16.0.810.25
MinimumVisualStudioVersion = 10.0.40219.1
Project("{FAE04EC0-301F-11D3-BF4B-00C04F79EFBC}") = "05.02", "05.02\05.02.csproj", "{35B186FD-F267-4D7C-A3C2-C41EF4B7D65D}"
EndProject
Global
	GlobalSection(SolutionConfigurationPlatforms) = preSolution
		Debug|Any CPU = Debug|Any CPU
		Release|Any CPU = Release|Any CPU
	EndGlobalSection
	GlobalSection(ProjectConfigurationPlatforms) = postSolution
		{35B186FD-F267-4D7C-A3C2-C41EF4B7D65D}.Debug|Any CPU.ActiveCfg = Debug|Any CPU
		{35B186FD-F267-4D7C-A3C2-C41EF4B7D65D}.Debug|Any CPU.Build.0 = Debug|Any CPU
		{35B186FD-F267-4D7C-A3C2-C41EF4B7D65D}.Release|Any CPU.ActiveCfg = Release|Any CPU
		{35B186FD-F267-4D7C-A3C2-C41EF4B7D65D}.Release|Any CPU.Build.0 = Release|Any CPU
	EndGlobalSection
	GlobalSection(SolutionProperties) = preSolution
		HideSolutionNode = FALSE
	EndGlobalSection
	GlobalSection(ExtensibilityGlobals) = postSolution
		SolutionGuid = {0388ED23-E360-400E-AC0A-1D1B91C41004}
	EndGlobalSection
EndGlobal
