
Microsoft Visual Studio Solution File, Format Version 12.00
# Visual Studio Version 16
VisualStudioVersion = 16.0.810.25
MinimumVisualStudioVersion = 10.0.40219.1
Project("{FAE04EC0-301F-11D3-BF4B-00C04F79EFBC}") = "05.03", "05.03\05.03.csproj", "{BB751657-3C12-4AF0-8DC2-2C11FFC77AED}"
EndProject
Global
	GlobalSection(SolutionConfigurationPlatforms) = preSolution
		Debug|Any CPU = Debug|Any CPU
		Release|Any CPU = Release|Any CPU
	EndGlobalSection
	GlobalSection(ProjectConfigurationPlatforms) = postSolution
		{BB751657-3C12-4AF0-8DC2-2C11FFC77AED}.Debug|Any CPU.ActiveCfg = Debug|Any CPU
		{BB751657-3C12-4AF0-8DC2-2C11FFC77AED}.Debug|Any CPU.Build.0 = Debug|Any CPU
		{BB751657-3C12-4AF0-8DC2-2C11FFC77AED}.Release|Any CPU.ActiveCfg = Release|Any CPU
		{BB751657-3C12-4AF0-8DC2-2C11FFC77AED}.Release|Any CPU.Build.0 = Release|Any CPU
	EndGlobalSection
	GlobalSection(SolutionProperties) = preSolution
		HideSolutionNode = FALSE
	EndGlobalSection
	GlobalSection(ExtensibilityGlobals) = postSolution
		SolutionGuid = {F12EA32B-FC76-44A2-AAEC-BAD224E635FA}
	EndGlobalSection
EndGlobal
