
Microsoft Visual Studio Solution File, Format Version 12.00
# Visual Studio Version 16
VisualStudioVersion = 16.0.810.25
MinimumVisualStudioVersion = 10.0.40219.1
Project("{FAE04EC0-301F-11D3-BF4B-00C04F79EFBC}") = "06.00", "06.00\06.00.csproj", "{C6862699-DC82-4028-A296-0AED8D099497}"
EndProject
Global
	GlobalSection(SolutionConfigurationPlatforms) = preSolution
		Debug|Any CPU = Debug|Any CPU
		Release|Any CPU = Release|Any CPU
	EndGlobalSection
	GlobalSection(ProjectConfigurationPlatforms) = postSolution
		{C6862699-DC82-4028-A296-0AED8D099497}.Debug|Any CPU.ActiveCfg = Debug|Any CPU
		{C6862699-DC82-4028-A296-0AED8D099497}.Debug|Any CPU.Build.0 = Debug|Any CPU
		{C6862699-DC82-4028-A296-0AED8D099497}.Release|Any CPU.ActiveCfg = Release|Any CPU
		{C6862699-DC82-4028-A296-0AED8D099497}.Release|Any CPU.Build.0 = Release|Any CPU
	EndGlobalSection
	GlobalSection(SolutionProperties) = preSolution
		HideSolutionNode = FALSE
	EndGlobalSection
	GlobalSection(ExtensibilityGlobals) = postSolution
		SolutionGuid = {41FD5FD7-3D87-410A-BDA1-0F8BAEC1D1C8}
	EndGlobalSection
EndGlobal
