
Microsoft Visual Studio Solution File, Format Version 12.00
# Visual Studio Version 16
VisualStudioVersion = 16.0.810.25
MinimumVisualStudioVersion = 10.0.40219.1
Project("{FAE04EC0-301F-11D3-BF4B-00C04F79EFBC}") = "04.02", "04.02\04.02.csproj", "{B8241572-2E83-4CB3-8296-9F4FBF72D040}"
EndProject
Global
	GlobalSection(SolutionConfigurationPlatforms) = preSolution
		Debug|Any CPU = Debug|Any CPU
		Release|Any CPU = Release|Any CPU
	EndGlobalSection
	GlobalSection(ProjectConfigurationPlatforms) = postSolution
		{B8241572-2E83-4CB3-8296-9F4FBF72D040}.Debug|Any CPU.ActiveCfg = Debug|Any CPU
		{B8241572-2E83-4CB3-8296-9F4FBF72D040}.Debug|Any CPU.Build.0 = Debug|Any CPU
		{B8241572-2E83-4CB3-8296-9F4FBF72D040}.Release|Any CPU.ActiveCfg = Release|Any CPU
		{B8241572-2E83-4CB3-8296-9F4FBF72D040}.Release|Any CPU.Build.0 = Release|Any CPU
	EndGlobalSection
	GlobalSection(SolutionProperties) = preSolution
		HideSolutionNode = FALSE
	EndGlobalSection
	GlobalSection(ExtensibilityGlobals) = postSolution
		SolutionGuid = {C4F6660D-B44B-458D-93F8-BDA7211C2247}
	EndGlobalSection
EndGlobal
