
Microsoft Visual Studio Solution File, Format Version 12.00
# Visual Studio Version 16
VisualStudioVersion = 16.0.810.25
MinimumVisualStudioVersion = 10.0.40219.1
Project("{FAE04EC0-301F-11D3-BF4B-00C04F79EFBC}") = "03.00", "03.00\03.00.csproj", "{0B3A9400-B534-4B43-B6DA-C8F2C4BC9E87}"
EndProject
Global
	GlobalSection(SolutionConfigurationPlatforms) = preSolution
		Debug|Any CPU = Debug|Any CPU
		Release|Any CPU = Release|Any CPU
	EndGlobalSection
	GlobalSection(ProjectConfigurationPlatforms) = postSolution
		{0B3A9400-B534-4B43-B6DA-C8F2C4BC9E87}.Debug|Any CPU.ActiveCfg = Debug|Any CPU
		{0B3A9400-B534-4B43-B6DA-C8F2C4BC9E87}.Debug|Any CPU.Build.0 = Debug|Any CPU
		{0B3A9400-B534-4B43-B6DA-C8F2C4BC9E87}.Release|Any CPU.ActiveCfg = Release|Any CPU
		{0B3A9400-B534-4B43-B6DA-C8F2C4BC9E87}.Release|Any CPU.Build.0 = Release|Any CPU
	EndGlobalSection
	GlobalSection(SolutionProperties) = preSolution
		HideSolutionNode = FALSE
	EndGlobalSection
	GlobalSection(ExtensibilityGlobals) = postSolution
		SolutionGuid = {CE66E1FA-D019-4486-8B35-D458DB2A57CD}
	EndGlobalSection
EndGlobal
