
Microsoft Visual Studio Solution File, Format Version 12.00
# Visual Studio Version 16
VisualStudioVersion = 16.0.810.25
MinimumVisualStudioVersion = 10.0.40219.1
Project("{FAE04EC0-301F-11D3-BF4B-00C04F79EFBC}") = "06.01", "06.01\06.01.csproj", "{3AEEE93D-AC57-42DD-B20E-ACEDADB16B77}"
EndProject
Global
	GlobalSection(SolutionConfigurationPlatforms) = preSolution
		Debug|Any CPU = Debug|Any CPU
		Release|Any CPU = Release|Any CPU
	EndGlobalSection
	GlobalSection(ProjectConfigurationPlatforms) = postSolution
		{3AEEE93D-AC57-42DD-B20E-ACEDADB16B77}.Debug|Any CPU.ActiveCfg = Debug|Any CPU
		{3AEEE93D-AC57-42DD-B20E-ACEDADB16B77}.Debug|Any CPU.Build.0 = Debug|Any CPU
		{3AEEE93D-AC57-42DD-B20E-ACEDADB16B77}.Release|Any CPU.ActiveCfg = Release|Any CPU
		{3AEEE93D-AC57-42DD-B20E-ACEDADB16B77}.Release|Any CPU.Build.0 = Release|Any CPU
	EndGlobalSection
	GlobalSection(SolutionProperties) = preSolution
		HideSolutionNode = FALSE
	EndGlobalSection
	GlobalSection(ExtensibilityGlobals) = postSolution
		SolutionGuid = {DD956361-8B3D-48B6-8EE7-5E9B747DB30A}
	EndGlobalSection
EndGlobal
