
Microsoft Visual Studio Solution File, Format Version 12.00
# Visual Studio Version 16
VisualStudioVersion = 16.0.810.25
MinimumVisualStudioVersion = 10.0.40219.1
Project("{FAE04EC0-301F-11D3-BF4B-00C04F79EFBC}") = "01.03", "01.03\01.03.csproj", "{EA139A5E-3749-4743-BD0A-B64228EAAB45}"
EndProject
Global
	GlobalSection(SolutionConfigurationPlatforms) = preSolution
		Debug|Any CPU = Debug|Any CPU
		Release|Any CPU = Release|Any CPU
	EndGlobalSection
	GlobalSection(ProjectConfigurationPlatforms) = postSolution
		{EA139A5E-3749-4743-BD0A-B64228EAAB45}.Debug|Any CPU.ActiveCfg = Debug|Any CPU
		{EA139A5E-3749-4743-BD0A-B64228EAAB45}.Debug|Any CPU.Build.0 = Debug|Any CPU
		{EA139A5E-3749-4743-BD0A-B64228EAAB45}.Release|Any CPU.ActiveCfg = Release|Any CPU
		{EA139A5E-3749-4743-BD0A-B64228EAAB45}.Release|Any CPU.Build.0 = Release|Any CPU
	EndGlobalSection
	GlobalSection(SolutionProperties) = preSolution
		HideSolutionNode = FALSE
	EndGlobalSection
	GlobalSection(ExtensibilityGlobals) = postSolution
		SolutionGuid = {F828543E-322C-43ED-83BB-E1A483C9C178}
	EndGlobalSection
EndGlobal
