
Microsoft Visual Studio Solution File, Format Version 12.00
# Visual Studio Version 16
VisualStudioVersion = 16.0.810.25
MinimumVisualStudioVersion = 10.0.40219.1
Project("{FAE04EC0-301F-11D3-BF4B-00C04F79EFBC}") = "01.01", "01.01\01.01.csproj", "{06E85237-89CC-4F14-809E-DB60E58878FA}"
EndProject
Global
	GlobalSection(SolutionConfigurationPlatforms) = preSolution
		Debug|Any CPU = Debug|Any CPU
		Release|Any CPU = Release|Any CPU
	EndGlobalSection
	GlobalSection(ProjectConfigurationPlatforms) = postSolution
		{06E85237-89CC-4F14-809E-DB60E58878FA}.Debug|Any CPU.ActiveCfg = Debug|Any CPU
		{06E85237-89CC-4F14-809E-DB60E58878FA}.Debug|Any CPU.Build.0 = Debug|Any CPU
		{06E85237-89CC-4F14-809E-DB60E58878FA}.Release|Any CPU.ActiveCfg = Release|Any CPU
		{06E85237-89CC-4F14-809E-DB60E58878FA}.Release|Any CPU.Build.0 = Release|Any CPU
	EndGlobalSection
	GlobalSection(SolutionProperties) = preSolution
		HideSolutionNode = FALSE
	EndGlobalSection
	GlobalSection(ExtensibilityGlobals) = postSolution
		SolutionGuid = {C2F8126F-6264-4717-A7E7-5C9EB6B162C5}
	EndGlobalSection
EndGlobal
