
Microsoft Visual Studio Solution File, Format Version 12.00
# Visual Studio Version 16
VisualStudioVersion = 16.0.810.25
MinimumVisualStudioVersion = 10.0.40219.1
Project("{FAE04EC0-301F-11D3-BF4B-00C04F79EFBC}") = "Getal_raden", "Getal_raden\Getal_raden.csproj", "{B9992790-E69E-4835-8BE8-420FDE95EC7B}"
EndProject
Global
	GlobalSection(SolutionConfigurationPlatforms) = preSolution
		Debug|Any CPU = Debug|Any CPU
		Release|Any CPU = Release|Any CPU
	EndGlobalSection
	GlobalSection(ProjectConfigurationPlatforms) = postSolution
		{B9992790-E69E-4835-8BE8-420FDE95EC7B}.Debug|Any CPU.ActiveCfg = Debug|Any CPU
		{B9992790-E69E-4835-8BE8-420FDE95EC7B}.Debug|Any CPU.Build.0 = Debug|Any CPU
		{B9992790-E69E-4835-8BE8-420FDE95EC7B}.Release|Any CPU.ActiveCfg = Release|Any CPU
		{B9992790-E69E-4835-8BE8-420FDE95EC7B}.Release|Any CPU.Build.0 = Release|Any CPU
	EndGlobalSection
	GlobalSection(SolutionProperties) = preSolution
		HideSolutionNode = FALSE
	EndGlobalSection
	GlobalSection(ExtensibilityGlobals) = postSolution
		SolutionGuid = {C1C76C4E-EBD0-4CC4-94CD-415A9CB68FA6}
	EndGlobalSection
EndGlobal
